
Microsoft Visual Studio Solution File, Format Version 12.00
# Visual Studio 14
VisualStudioVersion = 14.0.23107.0
MinimumVisualStudioVersion = 10.0.40219.1
Project("{FAE04EC0-301F-11D3-BF4B-00C04F79EFBC}") = "Advasoft.CmdArgsTool", "Advasoft.CmdArgsTool\Advasoft.CmdArgsTool.csproj", "{42EF6577-6B0C-4A61-A885-A9CC9AD28B81}"
EndProject
Project("{FAE04EC0-301F-11D3-BF4B-00C04F79EFBC}") = "Advasoft.CmdArgsTool.Tests", "Advasoft.CmdArgsTool.Tests\Advasoft.CmdArgsTool.Tests.csproj", "{6C326620-BFAF-4768-96E9-9C282AA92DC9}"
EndProject
Global
	GlobalSection(SolutionConfigurationPlatforms) = preSolution
		Debug|Any CPU = Debug|Any CPU
		Release|Any CPU = Release|Any CPU
	EndGlobalSection
	GlobalSection(ProjectConfigurationPlatforms) = postSolution
		{42EF6577-6B0C-4A61-A885-A9CC9AD28B81}.Debug|Any CPU.ActiveCfg = Debug|Any CPU
		{42EF6577-6B0C-4A61-A885-A9CC9AD28B81}.Debug|Any CPU.Build.0 = Debug|Any CPU
		{42EF6577-6B0C-4A61-A885-A9CC9AD28B81}.Release|Any CPU.ActiveCfg = Release|Any CPU
		{42EF6577-6B0C-4A61-A885-A9CC9AD28B81}.Release|Any CPU.Build.0 = Release|Any CPU
		{6C326620-BFAF-4768-96E9-9C282AA92DC9}.Debug|Any CPU.ActiveCfg = Debug|Any CPU
		{6C326620-BFAF-4768-96E9-9C282AA92DC9}.Debug|Any CPU.Build.0 = Debug|Any CPU
		{6C326620-BFAF-4768-96E9-9C282AA92DC9}.Release|Any CPU.ActiveCfg = Release|Any CPU
		{6C326620-BFAF-4768-96E9-9C282AA92DC9}.Release|Any CPU.Build.0 = Release|Any CPU
	EndGlobalSection
	GlobalSection(SolutionProperties) = preSolution
		HideSolutionNode = FALSE
	EndGlobalSection
EndGlobal
